
Microsoft Visual Studio Solution File, Format Version 12.00
# Visual Studio Version 16
VisualStudioVersion = 16.0.29418.71
MinimumVisualStudioVersion = 10.0.40219.1
Project("{FAE04EC0-301F-11D3-BF4B-00C04F79EFBC}") = "GoogleAuth", "GoogleAuth.csproj", "{84C7D232-24B6-4F23-8BA5-BF48897F12FF}"
EndProject
Global
	GlobalSection(SolutionConfigurationPlatforms) = preSolution
		Debug|Any CPU = Debug|Any CPU
		Release|Any CPU = Release|Any CPU
	EndGlobalSection
	GlobalSection(ProjectConfigurationPlatforms) = postSolution
		{84C7D232-24B6-4F23-8BA5-BF48897F12FF}.Debug|Any CPU.ActiveCfg = Debug|Any CPU
		{84C7D232-24B6-4F23-8BA5-BF48897F12FF}.Debug|Any CPU.Build.0 = Debug|Any CPU
		{84C7D232-24B6-4F23-8BA5-BF48897F12FF}.Release|Any CPU.ActiveCfg = Release|Any CPU
		{84C7D232-24B6-4F23-8BA5-BF48897F12FF}.Release|Any CPU.Build.0 = Release|Any CPU
	EndGlobalSection
	GlobalSection(SolutionProperties) = preSolution
		HideSolutionNode = FALSE
	EndGlobalSection
	GlobalSection(ExtensibilityGlobals) = postSolution
		SolutionGuid = {1983FB83-843C-496C-A1C7-1EE7A139B3E3}
	EndGlobalSection
EndGlobal
