
Microsoft Visual Studio Solution File, Format Version 12.00
# Visual Studio Version 16
VisualStudioVersion = 16.0.29215.179
MinimumVisualStudioVersion = 10.0.40219.1
Project("{FAE04EC0-301F-11D3-BF4B-00C04F79EFBC}") = "Store", "Store.csproj", "{9FDB853E-AC53-4AE3-B510-273F27A929D1}"
EndProject
Project("{FAE04EC0-301F-11D3-BF4B-00C04F79EFBC}") = "Store.Tests", "..\Store.Tests\Store.Tests.csproj", "{F157B54D-E19B-4CD5-88C9-59A93BE684B3}"
EndProject
Global
	GlobalSection(SolutionConfigurationPlatforms) = preSolution
		Debug|Any CPU = Debug|Any CPU
		Release|Any CPU = Release|Any CPU
	EndGlobalSection
	GlobalSection(ProjectConfigurationPlatforms) = postSolution
		{9FDB853E-AC53-4AE3-B510-273F27A929D1}.Debug|Any CPU.ActiveCfg = Debug|Any CPU
		{9FDB853E-AC53-4AE3-B510-273F27A929D1}.Debug|Any CPU.Build.0 = Debug|Any CPU
		{9FDB853E-AC53-4AE3-B510-273F27A929D1}.Release|Any CPU.ActiveCfg = Release|Any CPU
		{9FDB853E-AC53-4AE3-B510-273F27A929D1}.Release|Any CPU.Build.0 = Release|Any CPU
		{F157B54D-E19B-4CD5-88C9-59A93BE684B3}.Debug|Any CPU.ActiveCfg = Debug|Any CPU
		{F157B54D-E19B-4CD5-88C9-59A93BE684B3}.Debug|Any CPU.Build.0 = Debug|Any CPU
		{F157B54D-E19B-4CD5-88C9-59A93BE684B3}.Release|Any CPU.ActiveCfg = Release|Any CPU
		{F157B54D-E19B-4CD5-88C9-59A93BE684B3}.Release|Any CPU.Build.0 = Release|Any CPU
	EndGlobalSection
	GlobalSection(SolutionProperties) = preSolution
		HideSolutionNode = FALSE
	EndGlobalSection
	GlobalSection(ExtensibilityGlobals) = postSolution
		SolutionGuid = {2858A0D7-4F07-495E-BE5F-A0563366934F}
	EndGlobalSection
EndGlobal
